
Microsoft Visual Studio Solution File, Format Version 12.00
# Visual Studio 2012
Project("{FAE04EC0-301F-11D3-BF4B-00C04F79EFBC}") = "PassComplexObjects", "PassComplexObjects\PassComplexObjects.csproj", "{18BD4C33-E29B-4D23-8A10-DD02E7BDC603}"
EndProject
Global
	GlobalSection(SolutionConfigurationPlatforms) = preSolution
		Debug|Any CPU = Debug|Any CPU
		Release|Any CPU = Release|Any CPU
	EndGlobalSection
	GlobalSection(ProjectConfigurationPlatforms) = postSolution
		{18BD4C33-E29B-4D23-8A10-DD02E7BDC603}.Debug|Any CPU.ActiveCfg = Debug|Any CPU
		{18BD4C33-E29B-4D23-8A10-DD02E7BDC603}.Debug|Any CPU.Build.0 = Debug|Any CPU
		{18BD4C33-E29B-4D23-8A10-DD02E7BDC603}.Release|Any CPU.ActiveCfg = Release|Any CPU
		{18BD4C33-E29B-4D23-8A10-DD02E7BDC603}.Release|Any CPU.Build.0 = Release|Any CPU
	EndGlobalSection
EndGlobal
